
Microsoft Visual Studio Solution File, Format Version 12.00
# Visual Studio Version 17
VisualStudioVersion = 17.14.36221.1 d17.14
MinimumVisualStudioVersion = 10.0.40219.1
Project("{FAE04EC0-301F-11D3-BF4B-00C04F79EFBC}") = "AdoNetModuleConsole", "AdoNetModuleConsole\AdoNetModuleConsole.csproj", "{B8124673-DC95-4E7A-9004-4ECD7BCF3C1E}"
EndProject
Project("{FAE04EC0-301F-11D3-BF4B-00C04F79EFBC}") = "AdoNetLib", "AdoNetLib\AdoNetLib.csproj", "{B846B807-25F2-46B3-B675-65864519A999}"
EndProject
Global
	GlobalSection(SolutionConfigurationPlatforms) = preSolution
		Debug|Any CPU = Debug|Any CPU
		Release|Any CPU = Release|Any CPU
	EndGlobalSection
	GlobalSection(ProjectConfigurationPlatforms) = postSolution
		{B8124673-DC95-4E7A-9004-4ECD7BCF3C1E}.Debug|Any CPU.ActiveCfg = Debug|Any CPU
		{B8124673-DC95-4E7A-9004-4ECD7BCF3C1E}.Debug|Any CPU.Build.0 = Debug|Any CPU
		{B8124673-DC95-4E7A-9004-4ECD7BCF3C1E}.Release|Any CPU.ActiveCfg = Release|Any CPU
		{B8124673-DC95-4E7A-9004-4ECD7BCF3C1E}.Release|Any CPU.Build.0 = Release|Any CPU
		{B846B807-25F2-46B3-B675-65864519A999}.Debug|Any CPU.ActiveCfg = Debug|Any CPU
		{B846B807-25F2-46B3-B675-65864519A999}.Debug|Any CPU.Build.0 = Debug|Any CPU
		{B846B807-25F2-46B3-B675-65864519A999}.Release|Any CPU.ActiveCfg = Release|Any CPU
		{B846B807-25F2-46B3-B675-65864519A999}.Release|Any CPU.Build.0 = Release|Any CPU
	EndGlobalSection
	GlobalSection(SolutionProperties) = preSolution
		HideSolutionNode = FALSE
	EndGlobalSection
	GlobalSection(ExtensibilityGlobals) = postSolution
		SolutionGuid = {8A0D047E-CC05-4EC9-B964-531B9145970E}
	EndGlobalSection
EndGlobal
